# This file is automatically @generated by Cargo.
# It is not intended for manual editing.
version = 3

[[package]]
name = "docopt"
version = "1.1.1"
source = "registry+https://github.com/rust-lang/crates.io-index"
checksum = "7f3f119846c823f9eafcf953a8f6ffb6ed69bf6240883261a7f13b634579a51f"
dependencies = [
 "lazy_static",
 "regex",
 "serde",
 "strsim",
]

[[package]]
name = "docpars"
version = "0.3.0"
dependencies = [
 "docopt",
]

[[package]]
name = "lazy_static"
version = "1.4.0"
source = "registry+https://github.com/rust-lang/crates.io-index"
checksum = "e2abad23fbc42b3700f2f279844dc832adb2b2eb069b2df918f455c4e18cc646"

[[package]]
name = "proc-macro2"
version = "1.0.9"
source = "registry+https://github.com/rust-lang/crates.io-index"
checksum = "6c09721c6781493a2a492a96b5a5bf19b65917fe6728884e7c44dd0c60ca3435"
dependencies = [
 "unicode-xid",
]

[[package]]
name = "quote"
version = "1.0.3"
source = "registry+https://github.com/rust-lang/crates.io-index"
checksum = "2bdc6c187c65bca4260c9011c9e3132efe4909da44726bad24cf7572ae338d7f"
dependencies = [
 "proc-macro2",
]

[[package]]
name = "regex"
version = "1.6.0"
source = "registry+https://github.com/rust-lang/crates.io-index"
checksum = "4c4eb3267174b8c6c2f654116623910a0fef09c4753f8dd83db29c48a0df988b"
dependencies = [
 "regex-syntax",
]

[[package]]
name = "regex-syntax"
version = "0.6.27"
source = "registry+https://github.com/rust-lang/crates.io-index"
checksum = "a3f87b73ce11b1619a3c6332f45341e0047173771e8b8b73f87bfeefb7b56244"

[[package]]
name = "serde"
version = "1.0.111"
source = "registry+https://github.com/rust-lang/crates.io-index"
checksum = "c9124df5b40cbd380080b2cc6ab894c040a3070d995f5c9dc77e18c34a8ae37d"
dependencies = [
 "serde_derive",
]

[[package]]
name = "serde_derive"
version = "1.0.111"
source = "registry+https://github.com/rust-lang/crates.io-index"
checksum = "3f2c3ac8e6ca1e9c80b8be1023940162bf81ae3cffbb1809474152f2ce1eb250"
dependencies = [
 "proc-macro2",
 "quote",
 "syn",
]

[[package]]
name = "strsim"
version = "0.10.0"
source = "registry+https://github.com/rust-lang/crates.io-index"
checksum = "73473c0e59e6d5812c5dfe2a064a6444949f089e20eec9a2e5506596494e4623"

[[package]]
name = "syn"
version = "1.0.16"
source = "registry+https://github.com/rust-lang/crates.io-index"
checksum = "123bd9499cfb380418d509322d7a6d52e5315f064fe4b3ad18a53d6b92c07859"
dependencies = [
 "proc-macro2",
 "quote",
 "unicode-xid",
]

[[package]]
name = "unicode-xid"
version = "0.2.0"
source = "registry+https://github.com/rust-lang/crates.io-index"
checksum = "826e7639553986605ec5979c7dd957c7895e93eabed50ab2ffa7f6128a75097c"
